
Microsoft Visual Studio Solution File, Format Version 12.00
# Visual Studio 14
VisualStudioVersion = 14.0.24720.0
MinimumVisualStudioVersion = 10.0.40219.1
Project("{FAE04EC0-301F-11D3-BF4B-00C04F79EFBC}") = "UFO.DAL.Common", "UFO.DAL.Common\UFO.DAL.Common.csproj", "{332AE072-FDCD-444C-9CF5-0FBB9328A5F1}"
EndProject
Project("{FAE04EC0-301F-11D3-BF4B-00C04F79EFBC}") = "UFO.Domain", "UFO.Domain\UFO.Domain.csproj", "{A75688AD-63BD-4827-B8B0-CDE3510F9C81}"
EndProject
Project("{FAE04EC0-301F-11D3-BF4B-00C04F79EFBC}") = "UFO.DAL.SQLServer", "UFO.DAL.SQLServer\UFO.DAL.SQLServer.csproj", "{2DE3BF1E-F7A1-4A33-BD3B-1EC1AD32E189}"
EndProject
Project("{FAE04EC0-301F-11D3-BF4B-00C04F79EFBC}") = "UFO.UnitTest", "UFO.UnitTest\UFO.UnitTest.csproj", "{9EBD4346-C34E-4880-9E76-ADD48FA4CCA9}"
EndProject
Project("{FAE04EC0-301F-11D3-BF4B-00C04F79EFBC}") = "UFO.Commander", "UFO.Commander\UFO.Commander.csproj", "{379E8CA1-66DB-499E-B84D-D0D3261C415C}"
EndProject
Project("{FAE04EC0-301F-11D3-BF4B-00C04F79EFBC}") = "UFO.Server", "UFO.Server\UFO.Server.csproj", "{437E043F-CC72-4B6C-9AB8-A452BCCDBE1B}"
EndProject
Global
	GlobalSection(SolutionConfigurationPlatforms) = preSolution
		Debug|Any CPU = Debug|Any CPU
		Release|Any CPU = Release|Any CPU
	EndGlobalSection
	GlobalSection(ProjectConfigurationPlatforms) = postSolution
		{332AE072-FDCD-444C-9CF5-0FBB9328A5F1}.Debug|Any CPU.ActiveCfg = Debug|Any CPU
		{332AE072-FDCD-444C-9CF5-0FBB9328A5F1}.Debug|Any CPU.Build.0 = Debug|Any CPU
		{332AE072-FDCD-444C-9CF5-0FBB9328A5F1}.Release|Any CPU.ActiveCfg = Release|Any CPU
		{332AE072-FDCD-444C-9CF5-0FBB9328A5F1}.Release|Any CPU.Build.0 = Release|Any CPU
		{A75688AD-63BD-4827-B8B0-CDE3510F9C81}.Debug|Any CPU.ActiveCfg = Debug|Any CPU
		{A75688AD-63BD-4827-B8B0-CDE3510F9C81}.Debug|Any CPU.Build.0 = Debug|Any CPU
		{A75688AD-63BD-4827-B8B0-CDE3510F9C81}.Release|Any CPU.ActiveCfg = Release|Any CPU
		{A75688AD-63BD-4827-B8B0-CDE3510F9C81}.Release|Any CPU.Build.0 = Release|Any CPU
		{2DE3BF1E-F7A1-4A33-BD3B-1EC1AD32E189}.Debug|Any CPU.ActiveCfg = Debug|Any CPU
		{2DE3BF1E-F7A1-4A33-BD3B-1EC1AD32E189}.Debug|Any CPU.Build.0 = Debug|Any CPU
		{2DE3BF1E-F7A1-4A33-BD3B-1EC1AD32E189}.Release|Any CPU.ActiveCfg = Release|Any CPU
		{2DE3BF1E-F7A1-4A33-BD3B-1EC1AD32E189}.Release|Any CPU.Build.0 = Release|Any CPU
		{9EBD4346-C34E-4880-9E76-ADD48FA4CCA9}.Debug|Any CPU.ActiveCfg = Debug|Any CPU
		{9EBD4346-C34E-4880-9E76-ADD48FA4CCA9}.Debug|Any CPU.Build.0 = Debug|Any CPU
		{9EBD4346-C34E-4880-9E76-ADD48FA4CCA9}.Release|Any CPU.ActiveCfg = Release|Any CPU
		{9EBD4346-C34E-4880-9E76-ADD48FA4CCA9}.Release|Any CPU.Build.0 = Release|Any CPU
		{379E8CA1-66DB-499E-B84D-D0D3261C415C}.Debug|Any CPU.ActiveCfg = Debug|Any CPU
		{379E8CA1-66DB-499E-B84D-D0D3261C415C}.Debug|Any CPU.Build.0 = Debug|Any CPU
		{379E8CA1-66DB-499E-B84D-D0D3261C415C}.Release|Any CPU.ActiveCfg = Release|Any CPU
		{379E8CA1-66DB-499E-B84D-D0D3261C415C}.Release|Any CPU.Build.0 = Release|Any CPU
		{437E043F-CC72-4B6C-9AB8-A452BCCDBE1B}.Debug|Any CPU.ActiveCfg = Debug|Any CPU
		{437E043F-CC72-4B6C-9AB8-A452BCCDBE1B}.Debug|Any CPU.Build.0 = Debug|Any CPU
		{437E043F-CC72-4B6C-9AB8-A452BCCDBE1B}.Release|Any CPU.ActiveCfg = Release|Any CPU
		{437E043F-CC72-4B6C-9AB8-A452BCCDBE1B}.Release|Any CPU.Build.0 = Release|Any CPU
	EndGlobalSection
	GlobalSection(SolutionProperties) = preSolution
		HideSolutionNode = FALSE
	EndGlobalSection
	GlobalSection(ExtensibilityGlobals) = postSolution
		EnterpriseLibraryConfigurationToolBinariesPathV6 = packages\EnterpriseLibrary.Common.6.0.1304.0\lib\NET45;packages\EnterpriseLibrary.Validation.6.0.1304.0\lib\NET45
	EndGlobalSection
	GlobalSection(CodealikeProperties) = postSolution
		SolutionGuid = 1cf97cdd-638f-4db8-95bf-3cd78f4a6684
	EndGlobalSection
EndGlobal
